
Microsoft Visual Studio Solution File, Format Version 12.00
# Visual Studio Version 17
VisualStudioVersion = 17.13.36105.23
MinimumVisualStudioVersion = 10.0.40219.1
Project("{FAE04EC0-301F-11D3-BF4B-00C04F79EFBC}") = "Pokekotas.Api", "pokekotas.api\Pokekotas.Api.csproj", "{B283C0DB-6B3B-4B99-8F45-1560B1FC2D6F}"
EndProject
Project("{FAE04EC0-301F-11D3-BF4B-00C04F79EFBC}") = "Pokekotas.Domain", "pokekotas.domain\Pokekotas.Domain.csproj", "{B1859558-7FFA-4A8C-AC06-894F71292486}"
EndProject
Global
	GlobalSection(SolutionConfigurationPlatforms) = preSolution
		Debug|Any CPU = Debug|Any CPU
		Release|Any CPU = Release|Any CPU
	EndGlobalSection
	GlobalSection(ProjectConfigurationPlatforms) = postSolution
		{B283C0DB-6B3B-4B99-8F45-1560B1FC2D6F}.Debug|Any CPU.ActiveCfg = Debug|Any CPU
		{B283C0DB-6B3B-4B99-8F45-1560B1FC2D6F}.Debug|Any CPU.Build.0 = Debug|Any CPU
		{B283C0DB-6B3B-4B99-8F45-1560B1FC2D6F}.Release|Any CPU.ActiveCfg = Release|Any CPU
		{B283C0DB-6B3B-4B99-8F45-1560B1FC2D6F}.Release|Any CPU.Build.0 = Release|Any CPU
		{B1859558-7FFA-4A8C-AC06-894F71292486}.Debug|Any CPU.ActiveCfg = Debug|Any CPU
		{B1859558-7FFA-4A8C-AC06-894F71292486}.Debug|Any CPU.Build.0 = Debug|Any CPU
		{B1859558-7FFA-4A8C-AC06-894F71292486}.Release|Any CPU.ActiveCfg = Release|Any CPU
		{B1859558-7FFA-4A8C-AC06-894F71292486}.Release|Any CPU.Build.0 = Release|Any CPU
	EndGlobalSection
	GlobalSection(SolutionProperties) = preSolution
		HideSolutionNode = FALSE
	EndGlobalSection
	GlobalSection(ExtensibilityGlobals) = postSolution
		SolutionGuid = {DCB821CC-DDF8-4B5F-9262-BD0C7740A74E}
	EndGlobalSection
EndGlobal
